
Microsoft Visual Studio Solution File, Format Version 12.00
# Visual Studio Version 16
VisualStudioVersion = 16.0.29021.104
MinimumVisualStudioVersion = 10.0.40219.1
Project("{9A19103F-16F7-4668-BE54-9A1E7A4F7556}") = "EmailRendering", "EmailRendering\EmailRendering.csproj", "{0232A235-93F6-4A98-9010-B77349C75285}"
EndProject
Project("{9A19103F-16F7-4668-BE54-9A1E7A4F7556}") = "RazorViewLibrary", "RazorViewLibrary\RazorViewLibrary.csproj", "{728DB83C-A8FC-4088-8BCD-1B9EF2ED8668}"
EndProject
Global
	GlobalSection(SolutionConfigurationPlatforms) = preSolution
		Debug|Any CPU = Debug|Any CPU
		Release|Any CPU = Release|Any CPU
	EndGlobalSection
	GlobalSection(ProjectConfigurationPlatforms) = postSolution
		{0232A235-93F6-4A98-9010-B77349C75285}.Debug|Any CPU.ActiveCfg = Debug|Any CPU
		{0232A235-93F6-4A98-9010-B77349C75285}.Debug|Any CPU.Build.0 = Debug|Any CPU
		{0232A235-93F6-4A98-9010-B77349C75285}.Release|Any CPU.ActiveCfg = Release|Any CPU
		{0232A235-93F6-4A98-9010-B77349C75285}.Release|Any CPU.Build.0 = Release|Any CPU
		{728DB83C-A8FC-4088-8BCD-1B9EF2ED8668}.Debug|Any CPU.ActiveCfg = Debug|Any CPU
		{728DB83C-A8FC-4088-8BCD-1B9EF2ED8668}.Debug|Any CPU.Build.0 = Debug|Any CPU
		{728DB83C-A8FC-4088-8BCD-1B9EF2ED8668}.Release|Any CPU.ActiveCfg = Release|Any CPU
		{728DB83C-A8FC-4088-8BCD-1B9EF2ED8668}.Release|Any CPU.Build.0 = Release|Any CPU
	EndGlobalSection
	GlobalSection(SolutionProperties) = preSolution
		HideSolutionNode = FALSE
	EndGlobalSection
	GlobalSection(ExtensibilityGlobals) = postSolution
		SolutionGuid = {994C5569-56A9-4048-B689-E9CAAC911DE9}
	EndGlobalSection
EndGlobal
